
Microsoft Visual Studio Solution File, Format Version 12.00
# Visual Studio 14
VisualStudioVersion = 14.0.25420.1
MinimumVisualStudioVersion = 10.0.40219.1
Project("{FAE04EC0-301F-11D3-BF4B-00C04F79EFBC}") = "VirtualCard.Core", "VirtualCard.Core\VirtualCard.Core.csproj", "{AE12D67D-B2A8-4967-9D54-373EB2DC7B53}"
EndProject
Project("{2150E333-8FDC-42A3-9474-1A3956D46DE8}") = "Tests", "Tests", "{5D989CCC-426A-4DF8-A21C-34D37C9624B4}"
EndProject
Project("{FAE04EC0-301F-11D3-BF4B-00C04F79EFBC}") = "VirtualCard.Tests.Unit", "VirtualCard.Tests.Unit\VirtualCard.Tests.Unit.csproj", "{8AB13EA8-F620-4D0C-8152-6E84B5463921}"
EndProject
Global
	GlobalSection(SolutionConfigurationPlatforms) = preSolution
		Debug|Any CPU = Debug|Any CPU
		Release|Any CPU = Release|Any CPU
	EndGlobalSection
	GlobalSection(ProjectConfigurationPlatforms) = postSolution
		{AE12D67D-B2A8-4967-9D54-373EB2DC7B53}.Debug|Any CPU.ActiveCfg = Debug|Any CPU
		{AE12D67D-B2A8-4967-9D54-373EB2DC7B53}.Debug|Any CPU.Build.0 = Debug|Any CPU
		{AE12D67D-B2A8-4967-9D54-373EB2DC7B53}.Release|Any CPU.ActiveCfg = Release|Any CPU
		{AE12D67D-B2A8-4967-9D54-373EB2DC7B53}.Release|Any CPU.Build.0 = Release|Any CPU
		{8AB13EA8-F620-4D0C-8152-6E84B5463921}.Debug|Any CPU.ActiveCfg = Debug|Any CPU
		{8AB13EA8-F620-4D0C-8152-6E84B5463921}.Debug|Any CPU.Build.0 = Debug|Any CPU
		{8AB13EA8-F620-4D0C-8152-6E84B5463921}.Release|Any CPU.ActiveCfg = Release|Any CPU
		{8AB13EA8-F620-4D0C-8152-6E84B5463921}.Release|Any CPU.Build.0 = Release|Any CPU
	EndGlobalSection
	GlobalSection(SolutionProperties) = preSolution
		HideSolutionNode = FALSE
	EndGlobalSection
	GlobalSection(NestedProjects) = preSolution
		{8AB13EA8-F620-4D0C-8152-6E84B5463921} = {5D989CCC-426A-4DF8-A21C-34D37C9624B4}
	EndGlobalSection
EndGlobal
